// !$*UTF8*$!
{
	archiveVersion = 1;
	classes = {
	};
	objectVersion = 56;
	objects = {

/* Begin PBXBuildFile section */
		FFD869BC2B2480C30076D1CF /* AppDelegate.swift in Sources */ = {isa = PBXBuildFile; fileRef = FFD869BB2B2480C30076D1CF /* AppDelegate.swift */; };
		FFD869BE2B2480C30076D1CF /* SceneDelegate.swift in Sources */ = {isa = PBXBuildFile; fileRef = FFD869BD2B2480C30076D1CF /* SceneDelegate.swift */; };
		FFD869C02B2480C30076D1CF /* ViewController.swift in Sources */ = {isa = PBXBuildFile; fileRef = FFD869BF2B2480C30076D1CF /* ViewController.swift */; };
		FFD869C32B2480C30076D1CF /* Main.storyboard in Resources */ = {isa = PBXBuildFile; fileRef = FFD869C12B2480C30076D1CF /* Main.storyboard */; };
		FFD869C62B2480C30076D1CF /* Test.xcdatamodeld in Sources */ = {isa = PBXBuildFile; fileRef = FFD869C42B2480C30076D1CF /* Test.xcdatamodeld */; };
		FFD869C82B2480C40076D1CF /* Assets.xcassets in Resources */ = {isa = PBXBuildFile; fileRef = FFD869C72B2480C40076D1CF /* Assets.xcassets */; };
		FFD869CB2B2480C40076D1CF /* LaunchScreen.storyboard in Resources */ = {isa = PBXBuildFile; fileRef = FFD869C92B2480C40076D1CF /* LaunchScreen.storyboard */; };
		FFD869D62B2480C40076D1CF /* TestTests.swift in Sources */ = {isa = PBXBuildFile; fileRef = FFD869D52B2480C40076D1CF /* TestTests.swift */; };
		FFD869E02B2480C40076D1CF /* TestUITests.swift in Sources */ = {isa = PBXBuildFile; fileRef = FFD869DF2B2480C40076D1CF /* TestUITests.swift */; };
		FFD869E22B2480C40076D1CF /* TestUITestsLaunchTests.swift in Sources */ = {isa = PBXBuildFile; fileRef = FFD869E12B2480C40076D1CF /* TestUITestsLaunchTests.swift */; };
/* End PBXBuildFile section */

/* Begin PBXContainerItemProxy section */
		FFD869D22B2480C40076D1CF /* PBXContainerItemProxy */ = {
			isa = PBXContainerItemProxy;
			containerPortal = FFD869B02B2480C30076D1CF /* Project object */;
			proxyType = 1;
			remoteGlobalIDString = FFD869B72B2480C30076D1CF;
			remoteInfo = Test;
		};
		FFD869DC2B2480C40076D1CF /* PBXContainerItemProxy */ = {
			isa = PBXContainerItemProxy;
			containerPortal = FFD869B02B2480C30076D1CF /* Project object */;
			proxyType = 1;
			remoteGlobalIDString = FFD869B72B2480C30076D1CF;
			remoteInfo = Test;
		};
/* End PBXContainerItemProxy section */

/* Begin PBXFileReference section */
		FFD869B82B2480C30076D1CF /* Test.app */ = {isa = PBXFileReference; explicitFileType = wrapper.application; includeInIndex = 0; path = Test.app; sourceTree = BUILT_PRODUCTS_DIR; };
		FFD869BB2B2480C30076D1CF /* AppDelegate.swift */ = {isa = PBXFileReference; lastKnownFileType = sourcecode.swift; path = AppDelegate.swift; sourceTree = "<group>"; };
		FFD869BD2B2480C30076D1CF /* SceneDelegate.swift */ = {isa = PBXFileReference; lastKnownFileType = sourcecode.swift; path = SceneDelegate.swift; sourceTree = "<group>"; };
		FFD869BF2B2480C30076D1CF /* ViewController.swift */ = {isa = PBXFileReference; lastKnownFileType = sourcecode.swift; path = ViewController.swift; sourceTree = "<group>"; };
		FFD869C22B2480C30076D1CF /* Base */ = {isa = PBXFileReference; lastKnownFileType = file.storyboard; name = Base; path = Base.lproj/Main.storyboard; sourceTree = "<group>"; };
		FFD869C52B2480C30076D1CF /* Test.xcdatamodel */ = {isa = PBXFileReference; lastKnownFileType = wrapper.xcdatamodel; path = Test.xcdatamodel; sourceTree = "<group>"; };
		FFD869C72B2480C40076D1CF /* Assets.xcassets */ = {isa = PBXFileReference; lastKnownFileType = folder.assetcatalog; path = Assets.xcassets; sourceTree = "<group>"; };
		FFD869CA2B2480C40076D1CF /* Base */ = {isa = PBXFileReference; lastKnownFileType = file.storyboard; name = Base; path = Base.lproj/LaunchScreen.storyboard; sourceTree = "<group>"; };
		FFD869CC2B2480C40076D1CF /* Info.plist */ = {isa = PBXFileReference; lastKnownFileType = text.plist.xml; path = Info.plist; sourceTree = "<group>"; };
		FFD869D12B2480C40076D1CF /* TestTests.xctest */ = {isa = PBXFileReference; explicitFileType = wrapper.cfbundle; includeInIndex = 0; path = TestTests.xctest; sourceTree = BUILT_PRODUCTS_DIR; };
		FFD869D52B2480C40076D1CF /* TestTests.swift */ = {isa = PBXFileReference; lastKnownFileType = sourcecode.swift; path = TestTests.swift; sourceTree = "<group>"; };
		FFD869DB2B2480C40076D1CF /* TestUITests.xctest */ = {isa = PBXFileReference; explicitFileType = wrapper.cfbundle; includeInIndex = 0; path = TestUITests.xctest; sourceTree = BUILT_PRODUCTS_DIR; };
		FFD869DF2B2480C40076D1CF /* TestUITests.swift */ = {isa = PBXFileReference; lastKnownFileType = sourcecode.swift; path = TestUITests.swift; sourceTree = "<group>"; };
		FFD869E12B2480C40076D1CF /* TestUITestsLaunchTests.swift */ = {isa = PBXFileReference; lastKnownFileType = sourcecode.swift; path = TestUITestsLaunchTests.swift; sourceTree = "<group>"; };
/* End PBXFileReference section */

/* Begin PBXFrameworksBuildPhase section */
		FFD869B52B2480C30076D1CF /* Frameworks */ = {
			isa = PBXFrameworksBuildPhase;
			buildActionMask = 2147483647;
			files = (
			);
			runOnlyForDeploymentPostprocessing = 0;
		};
		FFD869CE2B2480C40076D1CF /* Frameworks */ = {
			isa = PBXFrameworksBuildPhase;
			buildActionMask = 2147483647;
			files = (
			);
			runOnlyForDeploymentPostprocessing = 0;
		};
		FFD869D82B2480C40076D1CF /* Frameworks */ = {
			isa = PBXFrameworksBuildPhase;
			buildActionMask = 2147483647;
			files = (
			);
			runOnlyForDeploymentPostprocessing = 0;
		};
/* End PBXFrameworksBuildPhase section */

/* Begin PBXGroup section */
		FFD869AF2B2480C30076D1CF = {
			isa = PBXGroup;
			children = (
				FFD869BA2B2480C30076D1CF /* Test */,
				FFD869D42B2480C40076D1CF /* TestTests */,
				FFD869DE2B2480C40076D1CF /* TestUITests */,
				FFD869B92B2480C30076D1CF /* Products */,
			);
			sourceTree = "<group>";
		};
		FFD869B92B2480C30076D1CF /* Products */ = {
			isa = PBXGroup;
			children = (
				FFD869B82B2480C30076D1CF /* Test.app */,
				FFD869D12B2480C40076D1CF /* TestTests.xctest */,
				FFD869DB2B2480C40076D1CF /* TestUITests.xctest */,
			);
			name = Products;
			sourceTree = "<group>";
		};
		FFD869BA2B2480C30076D1CF /* Test */ = {
			isa = PBXGroup;
			children = (
				FFD869BB2B2480C30076D1CF /* AppDelegate.swift */,
				FFD869BD2B2480C30076D1CF /* SceneDelegate.swift */,
				FFD869BF2B2480C30076D1CF /* ViewController.swift */,
				FFD869C12B2480C30076D1CF /* Main.storyboard */,
				FFD869C72B2480C40076D1CF /* Assets.xcassets */,
				FFD869C92B2480C40076D1CF /* LaunchScreen.storyboard */,
				FFD869CC2B2480C40076D1CF /* Info.plist */,
				FFD869C42B2480C30076D1CF /* Test.xcdatamodeld */,
			);
			path = Test;
			sourceTree = "<group>";
		};
		FFD869D42B2480C40076D1CF /* TestTests */ = {
			isa = PBXGroup;
			children = (
				FFD869D52B2480C40076D1CF /* TestTests.swift */,
			);
			path = TestTests;
			sourceTree = "<group>";
		};
		FFD869DE2B2480C40076D1CF /* TestUITests */ = {
			isa = PBXGroup;
			children = (
				FFD869DF2B2480C40076D1CF /* TestUITests.swift */,
				FFD869E12B2480C40076D1CF /* TestUITestsLaunchTests.swift */,
			);
			path = TestUITests;
			sourceTree = "<group>";
		};
/* End PBXGroup section */

/* Begin PBXNativeTarget section */
		FFD869B72B2480C30076D1CF /* Test */ = {
			isa = PBXNativeTarget;
			buildConfigurationList = FFD869E52B2480C40076D1CF /* Build configuration list for PBXNativeTarget "Test" */;
			buildPhases = (
				FFD869B42B2480C30076D1CF /* Sources */,
				FFD869B52B2480C30076D1CF /* Frameworks */,
				FFD869B62B2480C30076D1CF /* Resources */,
			);
			buildRules = (
			);
			dependencies = (
			);
			name = Test;
			productName = Test;
			productReference = FFD869B82B2480C30076D1CF /* Test.app */;
			productType = "com.apple.product-type.application";
		};
		FFD869D02B2480C40076D1CF /* TestTests */ = {
			isa = PBXNativeTarget;
			buildConfigurationList = FFD869E82B2480C40076D1CF /* Build configuration list for PBXNativeTarget "TestTests" */;
			buildPhases = (
				FFD869CD2B2480C40076D1CF /* Sources */,
				FFD869CE2B2480C40076D1CF /* Frameworks */,
				FFD869CF2B2480C40076D1CF /* Resources */,
			);
			buildRules = (
			);
			dependencies = (
				FFD869D32B2480C40076D1CF /* PBXTargetDependency */,
			);
			name = TestTests;
			productName = TestTests;
			productReference = FFD869D12B2480C40076D1CF /* TestTests.xctest */;
			productType = "com.apple.product-type.bundle.unit-test";
		};
		FFD869DA2B2480C40076D1CF /* TestUITests */ = {
			isa = PBXNativeTarget;
			buildConfigurationList = FFD869EB2B2480C40076D1CF /* Build configuration list for PBXNativeTarget "TestUITests" */;
			buildPhases = (
				FFD869D72B2480C40076D1CF /* Sources */,
				FFD869D82B2480C40076D1CF /* Frameworks */,
				FFD869D92B2480C40076D1CF /* Resources */,
			);
			buildRules = (
			);
			dependencies = (
				FFD869DD2B2480C40076D1CF /* PBXTargetDependency */,
			);
			name = TestUITests;
			productName = TestUITests;
			productReference = FFD869DB2B2480C40076D1CF /* TestUITests.xctest */;
			productType = "com.apple.product-type.bundle.ui-testing";
		};
/* End PBXNativeTarget section */

/* Begin PBXProject section */
		FFD869B02B2480C30076D1CF /* Project object */ = {
			isa = PBXProject;
			attributes = {
				BuildIndependentTargetsInParallel = 1;
				LastSwiftUpdateCheck = 1430;
				LastUpgradeCheck = 1430;
				TargetAttributes = {
					FFD869B72B2480C30076D1CF = {
						CreatedOnToolsVersion = 14.3.1;
					};
					FFD869D02B2480C40076D1CF = {
						CreatedOnToolsVersion = 14.3.1;
						TestTargetID = FFD869B72B2480C30076D1CF;
					};
					FFD869DA2B2480C40076D1CF = {
						CreatedOnToolsVersion = 14.3.1;
						TestTargetID = FFD869B72B2480C30076D1CF;
					};
				};
			};
			buildConfigurationList = FFD869B32B2480C30076D1CF /* Build configuration list for PBXProject "Test" */;
			compatibilityVersion = "Xcode 14.0";
			developmentRegion = en;
			hasScannedForEncodings = 0;
			knownRegions = (
				en,
				Base,
			);
			mainGroup = FFD869AF2B2480C30076D1CF;
			productRefGroup = FFD869B92B2480C30076D1CF /* Products */;
			projectDirPath = "";
			projectRoot = "";
			targets = (
				FFD869B72B2480C30076D1CF /* Test */,
				FFD869D02B2480C40076D1CF /* TestTests */,
				FFD869DA2B2480C40076D1CF /* TestUITests */,
			);
		};
/* End PBXProject section */

/* Begin PBXResourcesBuildPhase section */
		FFD869B62B2480C30076D1CF /* Resources */ = {
			isa = PBXResourcesBuildPhase;
			buildActionMask = 2147483647;
			files = (
				FFD869CB2B2480C40076D1CF /* LaunchScreen.storyboard in Resources */,
				FFD869C82B2480C40076D1CF /* Assets.xcassets in Resources */,
				FFD869C32B2480C30076D1CF /* Main.storyboard in Resources */,
			);
			runOnlyForDeploymentPostprocessing = 0;
		};
		FFD869CF2B2480C40076D1CF /* Resources */ = {
			isa = PBXResourcesBuildPhase;
			buildActionMask = 2147483647;
			files = (
			);
			runOnlyForDeploymentPostprocessing = 0;
		};
		FFD869D92B2480C40076D1CF /* Resources */ = {
			isa = PBXResourcesBuildPhase;
			buildActionMask = 2147483647;
			files = (
			);
			runOnlyForDeploymentPostprocessing = 0;
		};
/* End PBXResourcesBuildPhase section */

/* Begin PBXSourcesBuildPhase section */
		FFD869B42B2480C30076D1CF /* Sources */ = {
			isa = PBXSourcesBuildPhase;
			buildActionMask = 2147483647;
			files = (
				FFD869C02B2480C30076D1CF /* ViewController.swift in Sources */,
				FFD869C62B2480C30076D1CF /* Test.xcdatamodeld in Sources */,
				FFD869BC2B2480C30076D1CF /* AppDelegate.swift in Sources */,
				FFD869BE2B2480C30076D1CF /* SceneDelegate.swift in Sources */,
			);
			runOnlyForDeploymentPostprocessing = 0;
		};
		FFD869CD2B2480C40076D1CF /* Sources */ = {
			isa = PBXSourcesBuildPhase;
			buildActionMask = 2147483647;
			files = (
				FFD869D62B2480C40076D1CF /* TestTests.swift in Sources */,
			);
			runOnlyForDeploymentPostprocessing = 0;
		};
		FFD869D72B2480C40076D1CF /* Sources */ = {
			isa = PBXSourcesBuildPhase;
			buildActionMask = 2147483647;
			files = (
				FFD869E22B2480C40076D1CF /* TestUITestsLaunchTests.swift in Sources */,
				FFD869E02B2480C40076D1CF /* TestUITests.swift in Sources */,
			);
			runOnlyForDeploymentPostprocessing = 0;
		};
/* End PBXSourcesBuildPhase section */

/* Begin PBXTargetDependency section */
		FFD869D32B2480C40076D1CF /* PBXTargetDependency */ = {
			isa = PBXTargetDependency;
			target = FFD869B72B2480C30076D1CF /* Test */;
			targetProxy = FFD869D22B2480C40076D1CF /* PBXContainerItemProxy */;
		};
		FFD869DD2B2480C40076D1CF /* PBXTargetDependency */ = {
			isa = PBXTargetDependency;
			target = FFD869B72B2480C30076D1CF /* Test */;
			targetProxy = FFD869DC2B2480C40076D1CF /* PBXContainerItemProxy */;
		};
/* End PBXTargetDependency section */

/* Begin PBXVariantGroup section */
		FFD869C12B2480C30076D1CF /* Main.storyboard */ = {
			isa = PBXVariantGroup;
			children = (
				FFD869C22B2480C30076D1CF /* Base */,
			);
			name = Main.storyboard;
			sourceTree = "<group>";
		};
		FFD869C92B2480C40076D1CF /* LaunchScreen.storyboard */ = {
			isa = PBXVariantGroup;
			children = (
				FFD869CA2B2480C40076D1CF /* Base */,
			);
			name = LaunchScreen.storyboard;
			sourceTree = "<group>";
		};
/* End PBXVariantGroup section */

/* Begin XCBuildConfiguration section */
		FFD869E32B2480C40076D1CF /* Debug */ = {
			isa = XCBuildConfiguration;
			buildSettings = {
				ALWAYS_SEARCH_USER_PATHS = NO;
				CLANG_ANALYZER_NONNULL = YES;
				CLANG_ANALYZER_NUMBER_OBJECT_CONVERSION = YES_AGGRESSIVE;
				CLANG_CXX_LANGUAGE_STANDARD = "gnu++20";
				CLANG_ENABLE_MODULES = YES;
				CLANG_ENABLE_OBJC_ARC = YES;
				CLANG_ENABLE_OBJC_WEAK = YES;
				CLANG_WARN_BLOCK_CAPTURE_AUTORELEASING = YES;
				CLANG_WARN_BOOL_CONVERSION = YES;
				CLANG_WARN_COMMA = YES;
				CLANG_WARN_CONSTANT_CONVERSION = YES;
				CLANG_WARN_DEPRECATED_OBJC_IMPLEMENTATIONS = YES;
				CLANG_WARN_DIRECT_OBJC_ISA_USAGE = YES_ERROR;
				CLANG_WARN_DOCUMENTATION_COMMENTS = YES;
				CLANG_WARN_EMPTY_BODY = YES;
				CLANG_WARN_ENUM_CONVERSION = YES;
				CLANG_WARN_INFINITE_RECURSION = YES;
				CLANG_WARN_INT_CONVERSION = YES;
				CLANG_WARN_NON_LITERAL_NULL_CONVERSION = YES;
				CLANG_WARN_OBJC_IMPLICIT_RETAIN_SELF = YES;
				CLANG_WARN_OBJC_LITERAL_CONVERSION = YES;
				CLANG_WARN_OBJC_ROOT_CLASS = YES_ERROR;
				CLANG_WARN_QUOTED_INCLUDE_IN_FRAMEWORK_HEADER = YES;
				CLANG_WARN_RANGE_LOOP_ANALYSIS = YES;
				CLANG_WARN_STRICT_PROTOTYPES = YES;
				CLANG_WARN_SUSPICIOUS_MOVE = YES;
				CLANG_WARN_UNGUARDED_AVAILABILITY = YES_AGGRESSIVE;
				CLANG_WARN_UNREACHABLE_CODE = YES;
				CLANG_WARN__DUPLICATE_METHOD_MATCH = YES;
				COPY_PHASE_STRIP = NO;
				DEBUG_INFORMATION_FORMAT = dwarf;
				ENABLE_STRICT_OBJC_MSGSEND = YES;
				ENABLE_TESTABILITY = YES;
				GCC_C_LANGUAGE_STANDARD = gnu11;
				GCC_DYNAMIC_NO_PIC = NO;
				GCC_NO_COMMON_BLOCKS = YES;
				GCC_OPTIMIZATION_LEVEL = 0;
				GCC_PREPROCESSOR_DEFINITIONS = (
					"DEBUG=1",
					"$(inherited)",
				);
				GCC_WARN_64_TO_32_BIT_CONVERSION = YES;
				GCC_WARN_ABOUT_RETURN_TYPE = YES_ERROR;
				GCC_WARN_UNDECLARED_SELECTOR = YES;
				GCC_WARN_UNINITIALIZED_AUTOS = YES_AGGRESSIVE;
				GCC_WARN_UNUSED_FUNCTION = YES;
				GCC_WARN_UNUSED_VARIABLE = YES;
				IPHONEOS_DEPLOYMENT_TARGET = 16.4;
				MTL_ENABLE_DEBUG_INFO = INCLUDE_SOURCE;
				MTL_FAST_MATH = YES;
				ONLY_ACTIVE_ARCH = YES;
				SDKROOT = iphoneos;
				SWIFT_ACTIVE_COMPILATION_CONDITIONS = DEBUG;
				SWIFT_OPTIMIZATION_LEVEL = "-Onone";
			};
			name = Debug;
		};
		FFD869E42B2480C40076D1CF /* Release */ = {
			isa = XCBuildConfiguration;
			buildSettings = {
				ALWAYS_SEARCH_USER_PATHS = NO;
				CLANG_ANALYZER_NONNULL = YES;
				CLANG_ANALYZER_NUMBER_OBJECT_CONVERSION = YES_AGGRESSIVE;
				CLANG_CXX_LANGUAGE_STANDARD = "gnu++20";
				CLANG_ENABLE_MODULES = YES;
				CLANG_ENABLE_OBJC_ARC = YES;
				CLANG_ENABLE_OBJC_WEAK = YES;
				CLANG_WARN_BLOCK_CAPTURE_AUTORELEASING = YES;
				CLANG_WARN_BOOL_CONVERSION = YES;
				CLANG_WARN_COMMA = YES;
				CLANG_WARN_CONSTANT_CONVERSION = YES;
				CLANG_WARN_DEPRECATED_OBJC_IMPLEMENTATIONS = YES;
				CLANG_WARN_DIRECT_OBJC_ISA_USAGE = YES_ERROR;
				CLANG_WARN_DOCUMENTATION_COMMENTS = YES;
				CLANG_WARN_EMPTY_BODY = YES;
				CLANG_WARN_ENUM_CONVERSION = YES;
				CLANG_WARN_INFINITE_RECURSION = YES;
				CLANG_WARN_INT_CONVERSION = YES;
				CLANG_WARN_NON_LITERAL_NULL_CONVERSION = YES;
				CLANG_WARN_OBJC_IMPLICIT_RETAIN_SELF = YES;
				CLANG_WARN_OBJC_LITERAL_CONVERSION = YES;
				CLANG_WARN_OBJC_ROOT_CLASS = YES_ERROR;
				CLANG_WARN_QUOTED_INCLUDE_IN_FRAMEWORK_HEADER = YES;
				CLANG_WARN_RANGE_LOOP_ANALYSIS = YES;
				CLANG_WARN_STRICT_PROTOTYPES = YES;
				CLANG_WARN_SUSPICIOUS_MOVE = YES;
				CLANG_WARN_UNGUARDED_AVAILABILITY = YES_AGGRESSIVE;
				CLANG_WARN_UNREACHABLE_CODE = YES;
				CLANG_WARN__DUPLICATE_METHOD_MATCH = YES;
				COPY_PHASE_STRIP = NO;
				DEBUG_INFORMATION_FORMAT = "dwarf-with-dsym";
				ENABLE_NS_ASSERTIONS = NO;
				ENABLE_STRICT_OBJC_MSGSEND = YES;
				GCC_C_LANGUAGE_STANDARD = gnu11;
				GCC_NO_COMMON_BLOCKS = YES;
				GCC_WARN_64_TO_32_BIT_CONVERSION = YES;
				GCC_WARN_ABOUT_RETURN_TYPE = YES_ERROR;
				GCC_WARN_UNDECLARED_SELECTOR = YES;
				GCC_WARN_UNINITIALIZED_AUTOS = YES_AGGRESSIVE;
				GCC_WARN_UNUSED_FUNCTION = YES;
				GCC_WARN_UNUSED_VARIABLE = YES;
				IPHONEOS_DEPLOYMENT_TARGET = 16.4;
				MTL_ENABLE_DEBUG_INFO = NO;
				MTL_FAST_MATH = YES;
				SDKROOT = iphoneos;
				SWIFT_COMPILATION_MODE = wholemodule;
				SWIFT_OPTIMIZATION_LEVEL = "-O";
				VALIDATE_PRODUCT = YES;
			};
			name = Release;
		};
		FFD869E62B2480C40076D1CF /* Debug */ = {
			isa = XCBuildConfiguration;
			buildSettings = {
				ASSETCATALOG_COMPILER_APPICON_NAME = AppIcon;
				ASSETCATALOG_COMPILER_GLOBAL_ACCENT_COLOR_NAME = AccentColor;
				CODE_SIGN_STYLE = Automatic;
				CURRENT_PROJECT_VERSION = 1;
				DEVELOPMENT_TEAM = HT46X4SNBR;
				GENERATE_INFOPLIST_FILE = YES;
				INFOPLIST_FILE = Test/Info.plist;
				INFOPLIST_KEY_UIApplicationSupportsIndirectInputEvents = YES;
				INFOPLIST_KEY_UILaunchStoryboardName = LaunchScreen;
				INFOPLIST_KEY_UIMainStoryboardFile = Main;
				INFOPLIST_KEY_UISupportedInterfaceOrientations_iPad = "UIInterfaceOrientationPortrait UIInterfaceOrientationPortraitUpsideDown UIInterfaceOrientationLandscapeLeft UIInterfaceOrientationLandscapeRight";
				INFOPLIST_KEY_UISupportedInterfaceOrientations_iPhone = "UIInterfaceOrientationPortrait UIInterfaceOrientationLandscapeLeft UIInterfaceOrientationLandscapeRight";
				LD_RUNPATH_SEARCH_PATHS = (
					"$(inherited)",
					"@executable_path/Frameworks",
				);
				MARKETING_VERSION = 1.0;
				PRODUCT_BUNDLE_IDENTIFIER = rustamkeneev.Test;
				PRODUCT_NAME = "$(TARGET_NAME)";
				SWIFT_EMIT_LOC_STRINGS = YES;
				SWIFT_VERSION = 5.0;
				TARGETED_DEVICE_FAMILY = "1,2";
			};
			name = Debug;
		};
		FFD869E72B2480C40076D1CF /* Release */ = {
			isa = XCBuildConfiguration;
			buildSettings = {
				ASSETCATALOG_COMPILER_APPICON_NAME = AppIcon;
				ASSETCATALOG_COMPILER_GLOBAL_ACCENT_COLOR_NAME = AccentColor;
				CODE_SIGN_STYLE = Automatic;
				CURRENT_PROJECT_VERSION = 1;
				DEVELOPMENT_TEAM = HT46X4SNBR;
				GENERATE_INFOPLIST_FILE = YES;
				INFOPLIST_FILE = Test/Info.plist;
				INFOPLIST_KEY_UIApplicationSupportsIndirectInputEvents = YES;
				INFOPLIST_KEY_UILaunchStoryboardName = LaunchScreen;
				INFOPLIST_KEY_UIMainStoryboardFile = Main;
				INFOPLIST_KEY_UISupportedInterfaceOrientations_iPad = "UIInterfaceOrientationPortrait UIInterfaceOrientationPortraitUpsideDown UIInterfaceOrientationLandscapeLeft UIInterfaceOrientationLandscapeRight";
				INFOPLIST_KEY_UISupportedInterfaceOrientations_iPhone = "UIInterfaceOrientationPortrait UIInterfaceOrientationLandscapeLeft UIInterfaceOrientationLandscapeRight";
				LD_RUNPATH_SEARCH_PATHS = (
					"$(inherited)",
					"@executable_path/Frameworks",
				);
				MARKETING_VERSION = 1.0;
				PRODUCT_BUNDLE_IDENTIFIER = rustamkeneev.Test;
				PRODUCT_NAME = "$(TARGET_NAME)";
				SWIFT_EMIT_LOC_STRINGS = YES;
				SWIFT_VERSION = 5.0;
				TARGETED_DEVICE_FAMILY = "1,2";
			};
			name = Release;
		};
		FFD869E92B2480C40076D1CF /* Debug */ = {
			isa = XCBuildConfiguration;
			buildSettings = {
				ALWAYS_EMBED_SWIFT_STANDARD_LIBRARIES = YES;
				BUNDLE_LOADER = "$(TEST_HOST)";
				CODE_SIGN_STYLE = Automatic;
				CURRENT_PROJECT_VERSION = 1;
				DEVELOPMENT_TEAM = HT46X4SNBR;
				GENERATE_INFOPLIST_FILE = YES;
				IPHONEOS_DEPLOYMENT_TARGET = 16.4;
				MARKETING_VERSION = 1.0;
				PRODUCT_BUNDLE_IDENTIFIER = rustamkeneev.TestTests;
				PRODUCT_NAME = "$(TARGET_NAME)";
				SWIFT_EMIT_LOC_STRINGS = NO;
				SWIFT_VERSION = 5.0;
				TARGETED_DEVICE_FAMILY = "1,2";
				TEST_HOST = "$(BUILT_PRODUCTS_DIR)/Test.app/$(BUNDLE_EXECUTABLE_FOLDER_PATH)/Test";
			};
			name = Debug;
		};
		FFD869EA2B2480C40076D1CF /* Release */ = {
			isa = XCBuildConfiguration;
			buildSettings = {
				ALWAYS_EMBED_SWIFT_STANDARD_LIBRARIES = YES;
				BUNDLE_LOADER = "$(TEST_HOST)";
				CODE_SIGN_STYLE = Automatic;
				CURRENT_PROJECT_VERSION = 1;
				DEVELOPMENT_TEAM = HT46X4SNBR;
				GENERATE_INFOPLIST_FILE = YES;
				IPHONEOS_DEPLOYMENT_TARGET = 16.4;
				MARKETING_VERSION = 1.0;
				PRODUCT_BUNDLE_IDENTIFIER = rustamkeneev.TestTests;
				PRODUCT_NAME = "$(TARGET_NAME)";
				SWIFT_EMIT_LOC_STRINGS = NO;
				SWIFT_VERSION = 5.0;
				TARGETED_DEVICE_FAMILY = "1,2";
				TEST_HOST = "$(BUILT_PRODUCTS_DIR)/Test.app/$(BUNDLE_EXECUTABLE_FOLDER_PATH)/Test";
			};
			name = Release;
		};
		FFD869EC2B2480C40076D1CF /* Debug */ = {
			isa = XCBuildConfiguration;
			buildSettings = {
				ALWAYS_EMBED_SWIFT_STANDARD_LIBRARIES = YES;
				CODE_SIGN_STYLE = Automatic;
				CURRENT_PROJECT_VERSION = 1;
				DEVELOPMENT_TEAM = HT46X4SNBR;
				GENERATE_INFOPLIST_FILE = YES;
				MARKETING_VERSION = 1.0;
				PRODUCT_BUNDLE_IDENTIFIER = rustamkeneev.TestUITests;
				PRODUCT_NAME = "$(TARGET_NAME)";
				SWIFT_EMIT_LOC_STRINGS = NO;
				SWIFT_VERSION = 5.0;
				TARGETED_DEVICE_FAMILY = "1,2";
				TEST_TARGET_NAME = Test;
			};
			name = Debug;
		};
		FFD869ED2B2480C40076D1CF /* Release */ = {
			isa = XCBuildConfiguration;
			buildSettings = {
				ALWAYS_EMBED_SWIFT_STANDARD_LIBRARIES = YES;
				CODE_SIGN_STYLE = Automatic;
				CURRENT_PROJECT_VERSION = 1;
				DEVELOPMENT_TEAM = HT46X4SNBR;
				GENERATE_INFOPLIST_FILE = YES;
				MARKETING_VERSION = 1.0;
				PRODUCT_BUNDLE_IDENTIFIER = rustamkeneev.TestUITests;
				PRODUCT_NAME = "$(TARGET_NAME)";
				SWIFT_EMIT_LOC_STRINGS = NO;
				SWIFT_VERSION = 5.0;
				TARGETED_DEVICE_FAMILY = "1,2";
				TEST_TARGET_NAME = Test;
			};
			name = Release;
		};
/* End XCBuildConfiguration section */

/* Begin XCConfigurationList section */
		FFD869B32B2480C30076D1CF /* Build configuration list for PBXProject "Test" */ = {
			isa = XCConfigurationList;
			buildConfigurations = (
				FFD869E32B2480C40076D1CF /* Debug */,
				FFD869E42B2480C40076D1CF /* Release */,
			);
			defaultConfigurationIsVisible = 0;
			defaultConfigurationName = Release;
		};
		FFD869E52B2480C40076D1CF /* Build configuration list for PBXNativeTarget "Test" */ = {
			isa = XCConfigurationList;
			buildConfigurations = (
				FFD869E62B2480C40076D1CF /* Debug */,
				FFD869E72B2480C40076D1CF /* Release */,
			);
			defaultConfigurationIsVisible = 0;
			defaultConfigurationName = Release;
		};
		FFD869E82B2480C40076D1CF /* Build configuration list for PBXNativeTarget "TestTests" */ = {
			isa = XCConfigurationList;
			buildConfigurations = (
				FFD869E92B2480C40076D1CF /* Debug */,
				FFD869EA2B2480C40076D1CF /* Release */,
			);
			defaultConfigurationIsVisible = 0;
			defaultConfigurationName = Release;
		};
		FFD869EB2B2480C40076D1CF /* Build configuration list for PBXNativeTarget "TestUITests" */ = {
			isa = XCConfigurationList;
			buildConfigurations = (
				FFD869EC2B2480C40076D1CF /* Debug */,
				FFD869ED2B2480C40076D1CF /* Release */,
			);
			defaultConfigurationIsVisible = 0;
			defaultConfigurationName = Release;
		};
/* End XCConfigurationList section */

/* Begin XCVersionGroup section */
		FFD869C42B2480C30076D1CF /* Test.xcdatamodeld */ = {
			isa = XCVersionGroup;
			children = (
				FFD869C52B2480C30076D1CF /* Test.xcdatamodel */,
			);
			currentVersion = FFD869C52B2480C30076D1CF /* Test.xcdatamodel */;
			path = Test.xcdatamodeld;
			sourceTree = "<group>";
			versionGroupType = wrapper.xcdatamodel;
		};
/* End XCVersionGroup section */
	};
	rootObject = FFD869B02B2480C30076D1CF /* Project object */;
}
